
Microsoft Visual Studio Solution File, Format Version 12.00
# Visual Studio Version 16
VisualStudioVersion = 16.0.30128.74
MinimumVisualStudioVersion = 10.0.40219.1
Project("{8BC9CEB8-8B4A-11D0-8D11-00A0C91BC942}") = "Practice04_01_Initializer", "Practice04_01_Initializer\Practice04_01_Initializer.vcxproj", "{23D6A3C6-E867-4B1C-831C-44DA5152BC6F}"
EndProject
Project("{8BC9CEB8-8B4A-11D0-8D11-00A0C91BC942}") = "Practice04_02_DefaltArgument", "Practice04_02_DefaltArgument\Practice04_02_DefaltArgument.vcxproj", "{AC5BADD8-A3EF-4292-918D-11F5D153C9D5}"
EndProject
Project("{8BC9CEB8-8B4A-11D0-8D11-00A0C91BC942}") = "Practice04_03InlineFunction", "Practice04_03InlineFunction\Practice04_03InlineFunction.vcxproj", "{9620CCC9-A2DA-4D8B-B7C1-9B12EE4FFA03}"
EndProject
Project("{8BC9CEB8-8B4A-11D0-8D11-00A0C91BC942}") = "Practice04_04_PostConst", "Practice04_04_PostConst\Practice04_04_PostConst.vcxproj", "{18B71B40-D205-4BE9-AC41-46446F09F952}"
EndProject
Project("{8BC9CEB8-8B4A-11D0-8D11-00A0C91BC942}") = "Practice04_05_Explicit", "Practice04_05_Explicit\Practice04_05_Explicit.vcxproj", "{2BD7E4C4-8D4F-4DC1-8342-29989EC7C75C}"
EndProject
Global
	GlobalSection(SolutionConfigurationPlatforms) = preSolution
		Debug|x64 = Debug|x64
		Debug|x86 = Debug|x86
		Release|x64 = Release|x64
		Release|x86 = Release|x86
	EndGlobalSection
	GlobalSection(ProjectConfigurationPlatforms) = postSolution
		{23D6A3C6-E867-4B1C-831C-44DA5152BC6F}.Debug|x64.ActiveCfg = Debug|x64
		{23D6A3C6-E867-4B1C-831C-44DA5152BC6F}.Debug|x64.Build.0 = Debug|x64
		{23D6A3C6-E867-4B1C-831C-44DA5152BC6F}.Debug|x86.ActiveCfg = Debug|Win32
		{23D6A3C6-E867-4B1C-831C-44DA5152BC6F}.Debug|x86.Build.0 = Debug|Win32
		{23D6A3C6-E867-4B1C-831C-44DA5152BC6F}.Release|x64.ActiveCfg = Release|x64
		{23D6A3C6-E867-4B1C-831C-44DA5152BC6F}.Release|x64.Build.0 = Release|x64
		{23D6A3C6-E867-4B1C-831C-44DA5152BC6F}.Release|x86.ActiveCfg = Release|Win32
		{23D6A3C6-E867-4B1C-831C-44DA5152BC6F}.Release|x86.Build.0 = Release|Win32
		{AC5BADD8-A3EF-4292-918D-11F5D153C9D5}.Debug|x64.ActiveCfg = Debug|x64
		{AC5BADD8-A3EF-4292-918D-11F5D153C9D5}.Debug|x64.Build.0 = Debug|x64
		{AC5BADD8-A3EF-4292-918D-11F5D153C9D5}.Debug|x86.ActiveCfg = Debug|Win32
		{AC5BADD8-A3EF-4292-918D-11F5D153C9D5}.Debug|x86.Build.0 = Debug|Win32
		{AC5BADD8-A3EF-4292-918D-11F5D153C9D5}.Release|x64.ActiveCfg = Release|x64
		{AC5BADD8-A3EF-4292-918D-11F5D153C9D5}.Release|x64.Build.0 = Release|x64
		{AC5BADD8-A3EF-4292-918D-11F5D153C9D5}.Release|x86.ActiveCfg = Release|Win32
		{AC5BADD8-A3EF-4292-918D-11F5D153C9D5}.Release|x86.Build.0 = Release|Win32
		{9620CCC9-A2DA-4D8B-B7C1-9B12EE4FFA03}.Debug|x64.ActiveCfg = Debug|x64
		{9620CCC9-A2DA-4D8B-B7C1-9B12EE4FFA03}.Debug|x64.Build.0 = Debug|x64
		{9620CCC9-A2DA-4D8B-B7C1-9B12EE4FFA03}.Debug|x86.ActiveCfg = Debug|Win32
		{9620CCC9-A2DA-4D8B-B7C1-9B12EE4FFA03}.Debug|x86.Build.0 = Debug|Win32
		{9620CCC9-A2DA-4D8B-B7C1-9B12EE4FFA03}.Release|x64.ActiveCfg = Release|x64
		{9620CCC9-A2DA-4D8B-B7C1-9B12EE4FFA03}.Release|x64.Build.0 = Release|x64
		{9620CCC9-A2DA-4D8B-B7C1-9B12EE4FFA03}.Release|x86.ActiveCfg = Release|Win32
		{9620CCC9-A2DA-4D8B-B7C1-9B12EE4FFA03}.Release|x86.Build.0 = Release|Win32
		{18B71B40-D205-4BE9-AC41-46446F09F952}.Debug|x64.ActiveCfg = Debug|x64
		{18B71B40-D205-4BE9-AC41-46446F09F952}.Debug|x64.Build.0 = Debug|x64
		{18B71B40-D205-4BE9-AC41-46446F09F952}.Debug|x86.ActiveCfg = Debug|Win32
		{18B71B40-D205-4BE9-AC41-46446F09F952}.Debug|x86.Build.0 = Debug|Win32
		{18B71B40-D205-4BE9-AC41-46446F09F952}.Release|x64.ActiveCfg = Release|x64
		{18B71B40-D205-4BE9-AC41-46446F09F952}.Release|x64.Build.0 = Release|x64
		{18B71B40-D205-4BE9-AC41-46446F09F952}.Release|x86.ActiveCfg = Release|Win32
		{18B71B40-D205-4BE9-AC41-46446F09F952}.Release|x86.Build.0 = Release|Win32
		{2BD7E4C4-8D4F-4DC1-8342-29989EC7C75C}.Debug|x64.ActiveCfg = Debug|x64
		{2BD7E4C4-8D4F-4DC1-8342-29989EC7C75C}.Debug|x64.Build.0 = Debug|x64
		{2BD7E4C4-8D4F-4DC1-8342-29989EC7C75C}.Debug|x86.ActiveCfg = Debug|Win32
		{2BD7E4C4-8D4F-4DC1-8342-29989EC7C75C}.Debug|x86.Build.0 = Debug|Win32
		{2BD7E4C4-8D4F-4DC1-8342-29989EC7C75C}.Release|x64.ActiveCfg = Release|x64
		{2BD7E4C4-8D4F-4DC1-8342-29989EC7C75C}.Release|x64.Build.0 = Release|x64
		{2BD7E4C4-8D4F-4DC1-8342-29989EC7C75C}.Release|x86.ActiveCfg = Release|Win32
		{2BD7E4C4-8D4F-4DC1-8342-29989EC7C75C}.Release|x86.Build.0 = Release|Win32
	EndGlobalSection
	GlobalSection(SolutionProperties) = preSolution
		HideSolutionNode = FALSE
	EndGlobalSection
	GlobalSection(ExtensibilityGlobals) = postSolution
		SolutionGuid = {F62FFCDB-916D-46B7-9B59-028BC8F26D12}
	EndGlobalSection
EndGlobal
